// !$*UTF8*$!
{
	archiveVersion = 1;
	classes = {
	};
	objectVersion = 50;
	objects = {

/* Begin PBXBuildFile section */
		63013D5C230088B90021D220 /* AESCrypto.swift in Sources */ = {isa = PBXBuildFile; fileRef = 63013D5B230088B90021D220 /* AESCrypto.swift */; };
		63013D5E23008FBB0021D220 /* ChargeClient.swift in Sources */ = {isa = PBXBuildFile; fileRef = 63013D5D23008FBB0021D220 /* ChargeClient.swift */; };
		63013D60230090400021D220 /* Transaction.swift in Sources */ = {isa = PBXBuildFile; fileRef = 63013D5F230090400021D220 /* Transaction.swift */; };
		63013D64230094700021D220 /* PaymentProccesViewController.swift in Sources */ = {isa = PBXBuildFile; fileRef = 63013D62230094700021D220 /* PaymentProccesViewController.swift */; };
		63013D65230094700021D220 /* PaymentProccesViewController.xib in Resources */ = {isa = PBXBuildFile; fileRef = 63013D63230094700021D220 /* PaymentProccesViewController.xib */; };
		63013D6D2300C2C50021D220 /* CodableStorage.swift in Sources */ = {isa = PBXBuildFile; fileRef = 63013D6C2300C2C50021D220 /* CodableStorage.swift */; };
		63013D6F2300C3370021D220 /* DataContainer.swift in Sources */ = {isa = PBXBuildFile; fileRef = 63013D6E2300C3370021D220 /* DataContainer.swift */; };
		63013D712300C36A0021D220 /* StorageType.swift in Sources */ = {isa = PBXBuildFile; fileRef = 63013D702300C36A0021D220 /* StorageType.swift */; };
		63013D742300C3B10021D220 /* DirectionStorage.swift in Sources */ = {isa = PBXBuildFile; fileRef = 63013D732300C3B10021D220 /* DirectionStorage.swift */; };
		63013D762300C5360021D220 /* TransactionStorage.swift in Sources */ = {isa = PBXBuildFile; fileRef = 63013D752300C5350021D220 /* TransactionStorage.swift */; };
		63013D7A2300CD790021D220 /* BoughtViewController.swift in Sources */ = {isa = PBXBuildFile; fileRef = 63013D792300CD790021D220 /* BoughtViewController.swift */; };
		63013D7C2300D94D0021D220 /* LauncheImgagePreload.swift in Sources */ = {isa = PBXBuildFile; fileRef = 63013D7B2300D94D0021D220 /* LauncheImgagePreload.swift */; };
		630838E422FBD70100E843E9 /* CreateDirectionViewController.swift in Sources */ = {isa = PBXBuildFile; fileRef = 630838E322FBD70100E843E9 /* CreateDirectionViewController.swift */; };
		630838E622FBDE0C00E843E9 /* UIView+shake.swift in Sources */ = {isa = PBXBuildFile; fileRef = 630838E522FBDE0C00E843E9 /* UIView+shake.swift */; };
		63153CAA22FF51DA0089DFE8 /* iOSDropDown.swift in Sources */ = {isa = PBXBuildFile; fileRef = 63153CA922FF51DA0089DFE8 /* iOSDropDown.swift */; };
		63153CAD22FFA3A90089DFE8 /* ProductsHeaderCollectionReusableView.swift in Sources */ = {isa = PBXBuildFile; fileRef = 63153CAB22FFA3A90089DFE8 /* ProductsHeaderCollectionReusableView.swift */; };
		63153CAE22FFA3A90089DFE8 /* ProductsHeaderCollectionReusableView.xib in Resources */ = {isa = PBXBuildFile; fileRef = 63153CAC22FFA3A90089DFE8 /* ProductsHeaderCollectionReusableView.xib */; };
		63153CB022FFB2BE0089DFE8 /* Charge.swift in Sources */ = {isa = PBXBuildFile; fileRef = 63153CAF22FFB2BE0089DFE8 /* Charge.swift */; };
		63153CB222FFB4C50089DFE8 /* KeysClient.swift in Sources */ = {isa = PBXBuildFile; fileRef = 63153CB122FFB4C50089DFE8 /* KeysClient.swift */; };
		63153CB422FFCBF90089DFE8 /* UIDevice.swift in Sources */ = {isa = PBXBuildFile; fileRef = 63153CB322FFCBF90089DFE8 /* UIDevice.swift */; };
		632FFF3022FE8DA300393AE7 /* PayViewController.swift in Sources */ = {isa = PBXBuildFile; fileRef = 632FFF2F22FE8DA300393AE7 /* PayViewController.swift */; };
		6342A37422E1341D00F15639 /* AppDelegate.swift in Sources */ = {isa = PBXBuildFile; fileRef = 6342A37322E1341D00F15639 /* AppDelegate.swift */; };
		6342A37922E1341D00F15639 /* Main.storyboard in Resources */ = {isa = PBXBuildFile; fileRef = 6342A37722E1341D00F15639 /* Main.storyboard */; };
		6342A37B22E1341E00F15639 /* Assets.xcassets in Resources */ = {isa = PBXBuildFile; fileRef = 6342A37A22E1341E00F15639 /* Assets.xcassets */; };
		6342A37E22E1341E00F15639 /* LaunchScreen.storyboard in Resources */ = {isa = PBXBuildFile; fileRef = 6342A37C22E1341E00F15639 /* LaunchScreen.storyboard */; };
		63472A0722F7C88C009D91F8 /* ResultsViewController.swift in Sources */ = {isa = PBXBuildFile; fileRef = 63472A0522F7C88C009D91F8 /* ResultsViewController.swift */; };
		63472A0822F7C88C009D91F8 /* ResultsViewController.xib in Resources */ = {isa = PBXBuildFile; fileRef = 63472A0622F7C88C009D91F8 /* ResultsViewController.xib */; };
		63472A0B22F7DFF7009D91F8 /* CarTableViewCell.swift in Sources */ = {isa = PBXBuildFile; fileRef = 63472A0922F7DFF7009D91F8 /* CarTableViewCell.swift */; };
		63472A0C22F7DFF7009D91F8 /* CarTableViewCell.xib in Resources */ = {isa = PBXBuildFile; fileRef = 63472A0A22F7DFF7009D91F8 /* CarTableViewCell.xib */; };
		63472A0E22F7EA76009D91F8 /* UIView+Borders.swift in Sources */ = {isa = PBXBuildFile; fileRef = 63472A0D22F7EA76009D91F8 /* UIView+Borders.swift */; };
		63530A4C22F92C360068951C /* CellActionDelegate.swift in Sources */ = {isa = PBXBuildFile; fileRef = 63530A4B22F92C360068951C /* CellActionDelegate.swift */; };
		63671B9022E7F952001564A5 /* ProductClient.swift in Sources */ = {isa = PBXBuildFile; fileRef = 63671B8F22E7F952001564A5 /* ProductClient.swift */; };
		63671B9222E80DDD001564A5 /* IndividualCategoryViewController.swift in Sources */ = {isa = PBXBuildFile; fileRef = 63671B9122E80DDD001564A5 /* IndividualCategoryViewController.swift */; };
		63671B9522E81B59001564A5 /* IndividualProductViewController.swift in Sources */ = {isa = PBXBuildFile; fileRef = 63671B9322E81B59001564A5 /* IndividualProductViewController.swift */; };
		63671B9622E81B59001564A5 /* IndividualProductViewController.xib in Resources */ = {isa = PBXBuildFile; fileRef = 63671B9422E81B59001564A5 /* IndividualProductViewController.xib */; };
		63833C6522FA7378007F74D6 /* Direction.swift in Sources */ = {isa = PBXBuildFile; fileRef = 63833C6422FA7378007F74D6 /* Direction.swift */; };
		63833C6B22FA7A1F007F74D6 /* BoughtTableViewCell.swift in Sources */ = {isa = PBXBuildFile; fileRef = 63833C6922FA7A1F007F74D6 /* BoughtTableViewCell.swift */; };
		63833C6C22FA7A1F007F74D6 /* BoughtTableViewCell.xib in Resources */ = {isa = PBXBuildFile; fileRef = 63833C6A22FA7A1F007F74D6 /* BoughtTableViewCell.xib */; };
		63833C6E22FA8D1B007F74D6 /* FAQViewController.swift in Sources */ = {isa = PBXBuildFile; fileRef = 63833C6D22FA8D1B007F74D6 /* FAQViewController.swift */; };
		63833C7022FA8DF8007F74D6 /* DirectionsViewController.swift in Sources */ = {isa = PBXBuildFile; fileRef = 63833C6F22FA8DF8007F74D6 /* DirectionsViewController.swift */; };
		63ACFC4722FD2C12009A9091 /* Offer.swift in Sources */ = {isa = PBXBuildFile; fileRef = 63ACFC4622FD2C12009A9091 /* Offer.swift */; };
		63ACFC4922FD2CFF009A9091 /* PromotionClient.swift in Sources */ = {isa = PBXBuildFile; fileRef = 63ACFC4822FD2CFF009A9091 /* PromotionClient.swift */; };
		63D03DA222F65F9B001A87A7 /* SearchViewController.swift in Sources */ = {isa = PBXBuildFile; fileRef = 63D03DA022F65F9B001A87A7 /* SearchViewController.swift */; };
		63D03DA322F65F9B001A87A7 /* SearchViewController.xib in Resources */ = {isa = PBXBuildFile; fileRef = 63D03DA122F65F9B001A87A7 /* SearchViewController.xib */; };
		63D03DA622F66A0C001A87A7 /* ProductResultTableViewCell.swift in Sources */ = {isa = PBXBuildFile; fileRef = 63D03DA422F66A0C001A87A7 /* ProductResultTableViewCell.swift */; };
		63D03DA722F66A0C001A87A7 /* ProductResultTableViewCell.xib in Resources */ = {isa = PBXBuildFile; fileRef = 63D03DA522F66A0C001A87A7 /* ProductResultTableViewCell.xib */; };
		63D03DA922F6AE29001A87A7 /* ProductClient+Search.swift in Sources */ = {isa = PBXBuildFile; fileRef = 63D03DA822F6AE29001A87A7 /* ProductClient+Search.swift */; };
		63F4D61922E6B39100036737 /* SlideHomeView.swift in Sources */ = {isa = PBXBuildFile; fileRef = 63F4D61822E6B39100036737 /* SlideHomeView.swift */; };
		63F4D61D22E6B3F700036737 /* SlideHomeView.xib in Resources */ = {isa = PBXBuildFile; fileRef = 63F4D61C22E6B3F700036737 /* SlideHomeView.xib */; };
		63F4D62022E6BCDE00036737 /* ProductsCollectionView.swift in Sources */ = {isa = PBXBuildFile; fileRef = 63F4D61F22E6BCDE00036737 /* ProductsCollectionView.swift */; };
		63F4D62322E6BFA200036737 /* ProductsCollectionViewCell.swift in Sources */ = {isa = PBXBuildFile; fileRef = 63F4D62122E6BFA200036737 /* ProductsCollectionViewCell.swift */; };
		63F4D62422E6BFA200036737 /* ProductsCollectionViewCell.xib in Resources */ = {isa = PBXBuildFile; fileRef = 63F4D62222E6BFA200036737 /* ProductsCollectionViewCell.xib */; };
		63F4D62622E6C08000036737 /* Product.swift in Sources */ = {isa = PBXBuildFile; fileRef = 63F4D62522E6C08000036737 /* Product.swift */; };
		63F5088822E36B3F00A7FDA8 /* Category.swift in Sources */ = {isa = PBXBuildFile; fileRef = 63F5088722E36B3F00A7FDA8 /* Category.swift */; };
		63F5088A22E36E9F00A7FDA8 /* HomeViewController.swift in Sources */ = {isa = PBXBuildFile; fileRef = 63F5088922E36E9F00A7FDA8 /* HomeViewController.swift */; };
		63F5088C22E36FFC00A7FDA8 /* CategoryViewController.swift in Sources */ = {isa = PBXBuildFile; fileRef = 63F5088B22E36FFC00A7FDA8 /* CategoryViewController.swift */; };
		63F5088E22E389D200A7FDA8 /* CustomTabBarViewController.swift in Sources */ = {isa = PBXBuildFile; fileRef = 63F5088D22E389D200A7FDA8 /* CustomTabBarViewController.swift */; };
		63F5089022E3928100A7FDA8 /* CartViewController.swift in Sources */ = {isa = PBXBuildFile; fileRef = 63F5088F22E3928100A7FDA8 /* CartViewController.swift */; };
		63F5089222E3929100A7FDA8 /* AccountViewController.swift in Sources */ = {isa = PBXBuildFile; fileRef = 63F5089122E3929100A7FDA8 /* AccountViewController.swift */; };
		63F5089422E3985700A7FDA8 /* UIColor.swift in Sources */ = {isa = PBXBuildFile; fileRef = 63F5089322E3985700A7FDA8 /* UIColor.swift */; };
		63F5089622E39A9200A7FDA8 /* UIView+setUpUI.swift in Sources */ = {isa = PBXBuildFile; fileRef = 63F5089522E39A9200A7FDA8 /* UIView+setUpUI.swift */; };
		63F5089922E39D0100A7FDA8 /* CategoryTableViewCell.swift in Sources */ = {isa = PBXBuildFile; fileRef = 63F5089722E39D0100A7FDA8 /* CategoryTableViewCell.swift */; };
		63F5089A22E39D0100A7FDA8 /* CategoryTableViewCell.xib in Resources */ = {isa = PBXBuildFile; fileRef = 63F5089822E39D0100A7FDA8 /* CategoryTableViewCell.xib */; };
		63F5089C22E3A50A00A7FDA8 /* PaddingLabel.swift in Sources */ = {isa = PBXBuildFile; fileRef = 63F5089B22E3A50A00A7FDA8 /* PaddingLabel.swift */; };
		63F508A022E3EC5F00A7FDA8 /* UIImage+Url+Cache.swift in Sources */ = {isa = PBXBuildFile; fileRef = 63F5089F22E3EC5F00A7FDA8 /* UIImage+Url+Cache.swift */; };
		63F508A622E3F56900A7FDA8 /* APIClient.swift in Sources */ = {isa = PBXBuildFile; fileRef = 63F508A222E3F56900A7FDA8 /* APIClient.swift */; };
		63F508A722E3F56900A7FDA8 /* Client.swift in Sources */ = {isa = PBXBuildFile; fileRef = 63F508A322E3F56900A7FDA8 /* Client.swift */; };
		63F508A822E3F56900A7FDA8 /* HTTPResponse.swift in Sources */ = {isa = PBXBuildFile; fileRef = 63F508A422E3F56900A7FDA8 /* HTTPResponse.swift */; };
		63F508A922E3F56900A7FDA8 /* JSONResponse.swift in Sources */ = {isa = PBXBuildFile; fileRef = 63F508A522E3F56900A7FDA8 /* JSONResponse.swift */; };
		63F508AB22E3F68800A7FDA8 /* Status.swift in Sources */ = {isa = PBXBuildFile; fileRef = 63F508AA22E3F68800A7FDA8 /* Status.swift */; };
		63F508AD22E3F6D900A7FDA8 /* Config.swift in Sources */ = {isa = PBXBuildFile; fileRef = 63F508AC22E3F6D900A7FDA8 /* Config.swift */; };
		63F508AF22E404DA00A7FDA8 /* CategoryClient.swift in Sources */ = {isa = PBXBuildFile; fileRef = 63F508AE22E404DA00A7FDA8 /* CategoryClient.swift */; };
		63FB891122E949410088932D /* SlideProductView.swift in Sources */ = {isa = PBXBuildFile; fileRef = 63FB891022E949410088932D /* SlideProductView.swift */; };
		63FB891322E949600088932D /* SlideProductView.xib in Resources */ = {isa = PBXBuildFile; fileRef = 63FB891222E949600088932D /* SlideProductView.xib */; };
		63FB891522E950770088932D /* Thumbnail.swift in Sources */ = {isa = PBXBuildFile; fileRef = 63FB891422E950770088932D /* Thumbnail.swift */; };
		63FB891722E9537C0088932D /* ShopCart.swift in Sources */ = {isa = PBXBuildFile; fileRef = 63FB891622E9537C0088932D /* ShopCart.swift */; };
/* End PBXBuildFile section */

/* Begin PBXFileReference section */
		63013D5B230088B90021D220 /* AESCrypto.swift */ = {isa = PBXFileReference; lastKnownFileType = sourcecode.swift; path = AESCrypto.swift; sourceTree = "<group>"; };
		63013D5D23008FBB0021D220 /* ChargeClient.swift */ = {isa = PBXFileReference; lastKnownFileType = sourcecode.swift; path = ChargeClient.swift; sourceTree = "<group>"; };
		63013D5F230090400021D220 /* Transaction.swift */ = {isa = PBXFileReference; lastKnownFileType = sourcecode.swift; path = Transaction.swift; sourceTree = "<group>"; };
		63013D62230094700021D220 /* PaymentProccesViewController.swift */ = {isa = PBXFileReference; lastKnownFileType = sourcecode.swift; path = PaymentProccesViewController.swift; sourceTree = "<group>"; };
		63013D63230094700021D220 /* PaymentProccesViewController.xib */ = {isa = PBXFileReference; lastKnownFileType = file.xib; path = PaymentProccesViewController.xib; sourceTree = "<group>"; };
		63013D6C2300C2C50021D220 /* CodableStorage.swift */ = {isa = PBXFileReference; lastKnownFileType = sourcecode.swift; path = CodableStorage.swift; sourceTree = "<group>"; };
		63013D6E2300C3370021D220 /* DataContainer.swift */ = {isa = PBXFileReference; lastKnownFileType = sourcecode.swift; path = DataContainer.swift; sourceTree = "<group>"; };
		63013D702300C36A0021D220 /* StorageType.swift */ = {isa = PBXFileReference; lastKnownFileType = sourcecode.swift; path = StorageType.swift; sourceTree = "<group>"; };
		63013D732300C3B10021D220 /* DirectionStorage.swift */ = {isa = PBXFileReference; lastKnownFileType = sourcecode.swift; path = DirectionStorage.swift; sourceTree = "<group>"; };
		63013D752300C5350021D220 /* TransactionStorage.swift */ = {isa = PBXFileReference; lastKnownFileType = sourcecode.swift; path = TransactionStorage.swift; sourceTree = "<group>"; };
		63013D792300CD790021D220 /* BoughtViewController.swift */ = {isa = PBXFileReference; lastKnownFileType = sourcecode.swift; path = BoughtViewController.swift; sourceTree = "<group>"; };
		63013D7B2300D94D0021D220 /* LauncheImgagePreload.swift */ = {isa = PBXFileReference; lastKnownFileType = sourcecode.swift; path = LauncheImgagePreload.swift; sourceTree = "<group>"; };
		630838E322FBD70100E843E9 /* CreateDirectionViewController.swift */ = {isa = PBXFileReference; lastKnownFileType = sourcecode.swift; path = CreateDirectionViewController.swift; sourceTree = "<group>"; };
		630838E522FBDE0C00E843E9 /* UIView+shake.swift */ = {isa = PBXFileReference; lastKnownFileType = sourcecode.swift; path = "UIView+shake.swift"; sourceTree = "<group>"; };
		63153CA922FF51DA0089DFE8 /* iOSDropDown.swift */ = {isa = PBXFileReference; lastKnownFileType = sourcecode.swift; path = iOSDropDown.swift; sourceTree = "<group>"; };
		63153CAB22FFA3A90089DFE8 /* ProductsHeaderCollectionReusableView.swift */ = {isa = PBXFileReference; lastKnownFileType = sourcecode.swift; path = ProductsHeaderCollectionReusableView.swift; sourceTree = "<group>"; };
		63153CAC22FFA3A90089DFE8 /* ProductsHeaderCollectionReusableView.xib */ = {isa = PBXFileReference; lastKnownFileType = file.xib; path = ProductsHeaderCollectionReusableView.xib; sourceTree = "<group>"; };
		63153CAF22FFB2BE0089DFE8 /* Charge.swift */ = {isa = PBXFileReference; lastKnownFileType = sourcecode.swift; path = Charge.swift; sourceTree = "<group>"; };
		63153CB122FFB4C50089DFE8 /* KeysClient.swift */ = {isa = PBXFileReference; lastKnownFileType = sourcecode.swift; path = KeysClient.swift; sourceTree = "<group>"; };
		63153CB322FFCBF90089DFE8 /* UIDevice.swift */ = {isa = PBXFileReference; lastKnownFileType = sourcecode.swift; path = UIDevice.swift; sourceTree = "<group>"; };
		632FFF2F22FE8DA300393AE7 /* PayViewController.swift */ = {isa = PBXFileReference; lastKnownFileType = sourcecode.swift; path = PayViewController.swift; sourceTree = "<group>"; };
		6342A37022E1341D00F15639 /* shopapp.app */ = {isa = PBXFileReference; explicitFileType = wrapper.application; includeInIndex = 0; path = shopapp.app; sourceTree = BUILT_PRODUCTS_DIR; };
		6342A37322E1341D00F15639 /* AppDelegate.swift */ = {isa = PBXFileReference; lastKnownFileType = sourcecode.swift; path = AppDelegate.swift; sourceTree = "<group>"; };
		6342A37822E1341D00F15639 /* Base */ = {isa = PBXFileReference; lastKnownFileType = file.storyboard; name = Base; path = Base.lproj/Main.storyboard; sourceTree = "<group>"; };
		6342A37A22E1341E00F15639 /* Assets.xcassets */ = {isa = PBXFileReference; lastKnownFileType = folder.assetcatalog; path = Assets.xcassets; sourceTree = "<group>"; };
		6342A37D22E1341E00F15639 /* Base */ = {isa = PBXFileReference; lastKnownFileType = file.storyboard; name = Base; path = Base.lproj/LaunchScreen.storyboard; sourceTree = "<group>"; };
		6342A37F22E1341E00F15639 /* Info.plist */ = {isa = PBXFileReference; lastKnownFileType = text.plist.xml; path = Info.plist; sourceTree = "<group>"; };
		63472A0522F7C88C009D91F8 /* ResultsViewController.swift */ = {isa = PBXFileReference; lastKnownFileType = sourcecode.swift; path = ResultsViewController.swift; sourceTree = "<group>"; };
		63472A0622F7C88C009D91F8 /* ResultsViewController.xib */ = {isa = PBXFileReference; lastKnownFileType = file.xib; path = ResultsViewController.xib; sourceTree = "<group>"; };
		63472A0922F7DFF7009D91F8 /* CarTableViewCell.swift */ = {isa = PBXFileReference; lastKnownFileType = sourcecode.swift; path = CarTableViewCell.swift; sourceTree = "<group>"; };
		63472A0A22F7DFF7009D91F8 /* CarTableViewCell.xib */ = {isa = PBXFileReference; lastKnownFileType = file.xib; path = CarTableViewCell.xib; sourceTree = "<group>"; };
		63472A0D22F7EA76009D91F8 /* UIView+Borders.swift */ = {isa = PBXFileReference; lastKnownFileType = sourcecode.swift; path = "UIView+Borders.swift"; sourceTree = "<group>"; };
		63530A4B22F92C360068951C /* CellActionDelegate.swift */ = {isa = PBXFileReference; lastKnownFileType = sourcecode.swift; path = CellActionDelegate.swift; sourceTree = "<group>"; };
		63671B8F22E7F952001564A5 /* ProductClient.swift */ = {isa = PBXFileReference; lastKnownFileType = sourcecode.swift; path = ProductClient.swift; sourceTree = "<group>"; };
		63671B9122E80DDD001564A5 /* IndividualCategoryViewController.swift */ = {isa = PBXFileReference; lastKnownFileType = sourcecode.swift; path = IndividualCategoryViewController.swift; sourceTree = "<group>"; };
		63671B9322E81B59001564A5 /* IndividualProductViewController.swift */ = {isa = PBXFileReference; lastKnownFileType = sourcecode.swift; path = IndividualProductViewController.swift; sourceTree = "<group>"; };
		63671B9422E81B59001564A5 /* IndividualProductViewController.xib */ = {isa = PBXFileReference; lastKnownFileType = file.xib; path = IndividualProductViewController.xib; sourceTree = "<group>"; };
		63833C6422FA7378007F74D6 /* Direction.swift */ = {isa = PBXFileReference; lastKnownFileType = sourcecode.swift; path = Direction.swift; sourceTree = "<group>"; };
		63833C6922FA7A1F007F74D6 /* BoughtTableViewCell.swift */ = {isa = PBXFileReference; lastKnownFileType = sourcecode.swift; path = BoughtTableViewCell.swift; sourceTree = "<group>"; };
		63833C6A22FA7A1F007F74D6 /* BoughtTableViewCell.xib */ = {isa = PBXFileReference; lastKnownFileType = file.xib; path = BoughtTableViewCell.xib; sourceTree = "<group>"; };
		63833C6D22FA8D1B007F74D6 /* FAQViewController.swift */ = {isa = PBXFileReference; lastKnownFileType = sourcecode.swift; path = FAQViewController.swift; sourceTree = "<group>"; };
		63833C6F22FA8DF8007F74D6 /* DirectionsViewController.swift */ = {isa = PBXFileReference; lastKnownFileType = sourcecode.swift; path = DirectionsViewController.swift; sourceTree = "<group>"; };
		63ACFC4622FD2C12009A9091 /* Offer.swift */ = {isa = PBXFileReference; lastKnownFileType = sourcecode.swift; path = Offer.swift; sourceTree = "<group>"; };
		63ACFC4822FD2CFF009A9091 /* PromotionClient.swift */ = {isa = PBXFileReference; lastKnownFileType = sourcecode.swift; path = PromotionClient.swift; sourceTree = "<group>"; };
		63D03DA022F65F9B001A87A7 /* SearchViewController.swift */ = {isa = PBXFileReference; lastKnownFileType = sourcecode.swift; path = SearchViewController.swift; sourceTree = "<group>"; };
		63D03DA122F65F9B001A87A7 /* SearchViewController.xib */ = {isa = PBXFileReference; lastKnownFileType = file.xib; path = SearchViewController.xib; sourceTree = "<group>"; };
		63D03DA422F66A0C001A87A7 /* ProductResultTableViewCell.swift */ = {isa = PBXFileReference; lastKnownFileType = sourcecode.swift; path = ProductResultTableViewCell.swift; sourceTree = "<group>"; };
		63D03DA522F66A0C001A87A7 /* ProductResultTableViewCell.xib */ = {isa = PBXFileReference; lastKnownFileType = file.xib; path = ProductResultTableViewCell.xib; sourceTree = "<group>"; };
		63D03DA822F6AE29001A87A7 /* ProductClient+Search.swift */ = {isa = PBXFileReference; lastKnownFileType = sourcecode.swift; path = "ProductClient+Search.swift"; sourceTree = "<group>"; };
		63F4D61822E6B39100036737 /* SlideHomeView.swift */ = {isa = PBXFileReference; lastKnownFileType = sourcecode.swift; path = SlideHomeView.swift; sourceTree = "<group>"; };
		63F4D61C22E6B3F700036737 /* SlideHomeView.xib */ = {isa = PBXFileReference; lastKnownFileType = file.xib; path = SlideHomeView.xib; sourceTree = "<group>"; };
		63F4D61F22E6BCDE00036737 /* ProductsCollectionView.swift */ = {isa = PBXFileReference; lastKnownFileType = sourcecode.swift; path = ProductsCollectionView.swift; sourceTree = "<group>"; };
		63F4D62122E6BFA200036737 /* ProductsCollectionViewCell.swift */ = {isa = PBXFileReference; fileEncoding = 4; lastKnownFileType = sourcecode.swift; path = ProductsCollectionViewCell.swift; sourceTree = "<group>"; };
		63F4D62222E6BFA200036737 /* ProductsCollectionViewCell.xib */ = {isa = PBXFileReference; fileEncoding = 4; lastKnownFileType = file.xib; path = ProductsCollectionViewCell.xib; sourceTree = "<group>"; };
		63F4D62522E6C08000036737 /* Product.swift */ = {isa = PBXFileReference; lastKnownFileType = sourcecode.swift; path = Product.swift; sourceTree = "<group>"; };
		63F5088722E36B3F00A7FDA8 /* Category.swift */ = {isa = PBXFileReference; lastKnownFileType = sourcecode.swift; path = Category.swift; sourceTree = "<group>"; };
		63F5088922E36E9F00A7FDA8 /* HomeViewController.swift */ = {isa = PBXFileReference; lastKnownFileType = sourcecode.swift; path = HomeViewController.swift; sourceTree = "<group>"; };
		63F5088B22E36FFC00A7FDA8 /* CategoryViewController.swift */ = {isa = PBXFileReference; lastKnownFileType = sourcecode.swift; path = CategoryViewController.swift; sourceTree = "<group>"; };
		63F5088D22E389D200A7FDA8 /* CustomTabBarViewController.swift */ = {isa = PBXFileReference; lastKnownFileType = sourcecode.swift; path = CustomTabBarViewController.swift; sourceTree = "<group>"; };
		63F5088F22E3928100A7FDA8 /* CartViewController.swift */ = {isa = PBXFileReference; lastKnownFileType = sourcecode.swift; path = CartViewController.swift; sourceTree = "<group>"; };
		63F5089122E3929100A7FDA8 /* AccountViewController.swift */ = {isa = PBXFileReference; lastKnownFileType = sourcecode.swift; path = AccountViewController.swift; sourceTree = "<group>"; };
		63F5089322E3985700A7FDA8 /* UIColor.swift */ = {isa = PBXFileReference; lastKnownFileType = sourcecode.swift; path = UIColor.swift; sourceTree = "<group>"; };
		63F5089522E39A9200A7FDA8 /* UIView+setUpUI.swift */ = {isa = PBXFileReference; lastKnownFileType = sourcecode.swift; path = "UIView+setUpUI.swift"; sourceTree = "<group>"; };
		63F5089722E39D0100A7FDA8 /* CategoryTableViewCell.swift */ = {isa = PBXFileReference; lastKnownFileType = sourcecode.swift; path = CategoryTableViewCell.swift; sourceTree = "<group>"; };
		63F5089822E39D0100A7FDA8 /* CategoryTableViewCell.xib */ = {isa = PBXFileReference; lastKnownFileType = file.xib; path = CategoryTableViewCell.xib; sourceTree = "<group>"; };
		63F5089B22E3A50A00A7FDA8 /* PaddingLabel.swift */ = {isa = PBXFileReference; lastKnownFileType = sourcecode.swift; path = PaddingLabel.swift; sourceTree = "<group>"; };
		63F5089F22E3EC5F00A7FDA8 /* UIImage+Url+Cache.swift */ = {isa = PBXFileReference; lastKnownFileType = sourcecode.swift; path = "UIImage+Url+Cache.swift"; sourceTree = "<group>"; };
		63F508A222E3F56900A7FDA8 /* APIClient.swift */ = {isa = PBXFileReference; fileEncoding = 4; lastKnownFileType = sourcecode.swift; path = APIClient.swift; sourceTree = "<group>"; };
		63F508A322E3F56900A7FDA8 /* Client.swift */ = {isa = PBXFileReference; fileEncoding = 4; lastKnownFileType = sourcecode.swift; path = Client.swift; sourceTree = "<group>"; };
		63F508A422E3F56900A7FDA8 /* HTTPResponse.swift */ = {isa = PBXFileReference; fileEncoding = 4; lastKnownFileType = sourcecode.swift; path = HTTPResponse.swift; sourceTree = "<group>"; };
		63F508A522E3F56900A7FDA8 /* JSONResponse.swift */ = {isa = PBXFileReference; fileEncoding = 4; lastKnownFileType = sourcecode.swift; path = JSONResponse.swift; sourceTree = "<group>"; };
		63F508AA22E3F68800A7FDA8 /* Status.swift */ = {isa = PBXFileReference; lastKnownFileType = sourcecode.swift; path = Status.swift; sourceTree = "<group>"; };
		63F508AC22E3F6D900A7FDA8 /* Config.swift */ = {isa = PBXFileReference; lastKnownFileType = sourcecode.swift; path = Config.swift; sourceTree = "<group>"; };
		63F508AE22E404DA00A7FDA8 /* CategoryClient.swift */ = {isa = PBXFileReference; lastKnownFileType = sourcecode.swift; path = CategoryClient.swift; sourceTree = "<group>"; };
		63FB891022E949410088932D /* SlideProductView.swift */ = {isa = PBXFileReference; lastKnownFileType = sourcecode.swift; path = SlideProductView.swift; sourceTree = "<group>"; };
		63FB891222E949600088932D /* SlideProductView.xib */ = {isa = PBXFileReference; lastKnownFileType = file.xib; path = SlideProductView.xib; sourceTree = "<group>"; };
		63FB891422E950770088932D /* Thumbnail.swift */ = {isa = PBXFileReference; lastKnownFileType = sourcecode.swift; path = Thumbnail.swift; sourceTree = "<group>"; };
		63FB891622E9537C0088932D /* ShopCart.swift */ = {isa = PBXFileReference; lastKnownFileType = sourcecode.swift; path = ShopCart.swift; sourceTree = "<group>"; };
/* End PBXFileReference section */

/* Begin PBXFrameworksBuildPhase section */
		6342A36D22E1341D00F15639 /* Frameworks */ = {
			isa = PBXFrameworksBuildPhase;
			buildActionMask = 2147483647;
			files = (
			);
			runOnlyForDeploymentPostprocessing = 0;
		};
/* End PBXFrameworksBuildPhase section */

/* Begin PBXGroup section */
		05EDB095BE53970DA9D210ED /* Pods */ = {
			isa = PBXGroup;
			children = (
			);
			path = Pods;
			sourceTree = "<group>";
		};
		63013D612300943B0021D220 /* PaymentProcces */ = {
			isa = PBXGroup;
			children = (
				63013D62230094700021D220 /* PaymentProccesViewController.swift */,
				63013D63230094700021D220 /* PaymentProccesViewController.xib */,
			);
			path = PaymentProcces;
			sourceTree = "<group>";
		};
		63013D6B2300C29F0021D220 /* Storage */ = {
			isa = PBXGroup;
			children = (
				63013D722300C3A30021D220 /* Objects */,
				63013D6C2300C2C50021D220 /* CodableStorage.swift */,
				63013D6E2300C3370021D220 /* DataContainer.swift */,
				63013D702300C36A0021D220 /* StorageType.swift */,
			);
			path = Storage;
			sourceTree = "<group>";
		};
		63013D722300C3A30021D220 /* Objects */ = {
			isa = PBXGroup;
			children = (
				63013D732300C3B10021D220 /* DirectionStorage.swift */,
				63013D752300C5350021D220 /* TransactionStorage.swift */,
			);
			path = Objects;
			sourceTree = "<group>";
		};
		632FFF2E22FE8C2300393AE7 /* Pay */ = {
			isa = PBXGroup;
			children = (
				63013D612300943B0021D220 /* PaymentProcces */,
				632FFF2F22FE8DA300393AE7 /* PayViewController.swift */,
				63153CB122FFB4C50089DFE8 /* KeysClient.swift */,
				63013D5D23008FBB0021D220 /* ChargeClient.swift */,
			);
			path = Pay;
			sourceTree = "<group>";
		};
		6342A36722E1341D00F15639 = {
			isa = PBXGroup;
			children = (
				6342A37222E1341D00F15639 /* shopapp */,
				6342A37122E1341D00F15639 /* Products */,
				05EDB095BE53970DA9D210ED /* Pods */,
			);
			sourceTree = "<group>";
		};
		6342A37122E1341D00F15639 /* Products */ = {
			isa = PBXGroup;
			children = (
				6342A37022E1341D00F15639 /* shopapp.app */,
			);
			name = Products;
			sourceTree = "<group>";
		};
		6342A37222E1341D00F15639 /* shopapp */ = {
			isa = PBXGroup;
			children = (
				63013D6B2300C29F0021D220 /* Storage */,
				63D03D9F22F65F6E001A87A7 /* Search */,
				63671B9722E81B61001564A5 /* IndividualProduct */,
				63F4D61E22E6BC9B00036737 /* ProductsCollectionView */,
				63F508B022E412C200A7FDA8 /* UIUtils */,
				63F508A122E3F34A00A7FDA8 /* Network */,
				63F5088622E3691900A7FDA8 /* Models */,
				6342A38922E17C5D00F15639 /* Category */,
				6342A38822E1760B00F15639 /* Cart */,
				6342A38722E1636400F15639 /* Account */,
				6342A38622E1635F00F15639 /* Home */,
				6342A37322E1341D00F15639 /* AppDelegate.swift */,
				6342A37722E1341D00F15639 /* Main.storyboard */,
				6342A37A22E1341E00F15639 /* Assets.xcassets */,
				6342A37C22E1341E00F15639 /* LaunchScreen.storyboard */,
				6342A37F22E1341E00F15639 /* Info.plist */,
				63F5088D22E389D200A7FDA8 /* CustomTabBarViewController.swift */,
				63F508AC22E3F6D900A7FDA8 /* Config.swift */,
				63FB891622E9537C0088932D /* ShopCart.swift */,
				63013D7B2300D94D0021D220 /* LauncheImgagePreload.swift */,
			);
			path = shopapp;
			sourceTree = "<group>";
		};
		6342A38622E1635F00F15639 /* Home */ = {
			isa = PBXGroup;
			children = (
				63F5088922E36E9F00A7FDA8 /* HomeViewController.swift */,
				63F4D61822E6B39100036737 /* SlideHomeView.swift */,
				63F4D61C22E6B3F700036737 /* SlideHomeView.xib */,
				63ACFC4822FD2CFF009A9091 /* PromotionClient.swift */,
			);
			path = Home;
			sourceTree = "<group>";
		};
		6342A38722E1636400F15639 /* Account */ = {
			isa = PBXGroup;
			children = (
				63833C6822FA7977007F74D6 /* Directions */,
				63833C6722FA796F007F74D6 /* FAQ */,
				63833C6622FA7955007F74D6 /* Bought */,
				63F5089122E3929100A7FDA8 /* AccountViewController.swift */,
			);
			path = Account;
			sourceTree = "<group>";
		};
		6342A38822E1760B00F15639 /* Cart */ = {
			isa = PBXGroup;
			children = (
				632FFF2E22FE8C2300393AE7 /* Pay */,
				63F5088F22E3928100A7FDA8 /* CartViewController.swift */,
				63472A0922F7DFF7009D91F8 /* CarTableViewCell.swift */,
				63472A0A22F7DFF7009D91F8 /* CarTableViewCell.xib */,
				63530A4B22F92C360068951C /* CellActionDelegate.swift */,
			);
			path = Cart;
			sourceTree = "<group>";
		};
		6342A38922E17C5D00F15639 /* Category */ = {
			isa = PBXGroup;
			children = (
				63F5088B22E36FFC00A7FDA8 /* CategoryViewController.swift */,
				63F5089722E39D0100A7FDA8 /* CategoryTableViewCell.swift */,
				63F5089822E39D0100A7FDA8 /* CategoryTableViewCell.xib */,
				63F508AE22E404DA00A7FDA8 /* CategoryClient.swift */,
				63671B9122E80DDD001564A5 /* IndividualCategoryViewController.swift */,
			);
			path = Category;
			sourceTree = "<group>";
		};
		63671B9722E81B61001564A5 /* IndividualProduct */ = {
			isa = PBXGroup;
			children = (
				63671B9322E81B59001564A5 /* IndividualProductViewController.swift */,
				63671B9422E81B59001564A5 /* IndividualProductViewController.xib */,
				63FB891022E949410088932D /* SlideProductView.swift */,
				63FB891222E949600088932D /* SlideProductView.xib */,
			);
			path = IndividualProduct;
			sourceTree = "<group>";
		};
		63833C6622FA7955007F74D6 /* Bought */ = {
			isa = PBXGroup;
			children = (
				63833C6922FA7A1F007F74D6 /* BoughtTableViewCell.swift */,
				63833C6A22FA7A1F007F74D6 /* BoughtTableViewCell.xib */,
				63013D792300CD790021D220 /* BoughtViewController.swift */,
			);
			path = Bought;
			sourceTree = "<group>";
		};
		63833C6722FA796F007F74D6 /* FAQ */ = {
			isa = PBXGroup;
			children = (
				63833C6D22FA8D1B007F74D6 /* FAQViewController.swift */,
			);
			path = FAQ;
			sourceTree = "<group>";
		};
		63833C6822FA7977007F74D6 /* Directions */ = {
			isa = PBXGroup;
			children = (
				63833C6F22FA8DF8007F74D6 /* DirectionsViewController.swift */,
				630838E322FBD70100E843E9 /* CreateDirectionViewController.swift */,
			);
			path = Directions;
			sourceTree = "<group>";
		};
		63D03D9F22F65F6E001A87A7 /* Search */ = {
			isa = PBXGroup;
			children = (
				63D03DA022F65F9B001A87A7 /* SearchViewController.swift */,
				63D03DA122F65F9B001A87A7 /* SearchViewController.xib */,
				63D03DA422F66A0C001A87A7 /* ProductResultTableViewCell.swift */,
				63D03DA522F66A0C001A87A7 /* ProductResultTableViewCell.xib */,
				63D03DA822F6AE29001A87A7 /* ProductClient+Search.swift */,
				63472A0522F7C88C009D91F8 /* ResultsViewController.swift */,
				63472A0622F7C88C009D91F8 /* ResultsViewController.xib */,
			);
			path = Search;
			sourceTree = "<group>";
		};
		63F4D61E22E6BC9B00036737 /* ProductsCollectionView */ = {
			isa = PBXGroup;
			children = (
				63F4D62122E6BFA200036737 /* ProductsCollectionViewCell.swift */,
				63F4D62222E6BFA200036737 /* ProductsCollectionViewCell.xib */,
				63F4D61F22E6BCDE00036737 /* ProductsCollectionView.swift */,
				63671B8F22E7F952001564A5 /* ProductClient.swift */,
				63FB891422E950770088932D /* Thumbnail.swift */,
				63153CAB22FFA3A90089DFE8 /* ProductsHeaderCollectionReusableView.swift */,
				63153CAC22FFA3A90089DFE8 /* ProductsHeaderCollectionReusableView.xib */,
			);
			path = ProductsCollectionView;
			sourceTree = "<group>";
		};
		63F5088622E3691900A7FDA8 /* Models */ = {
			isa = PBXGroup;
			children = (
				63F5088722E36B3F00A7FDA8 /* Category.swift */,
				63F4D62522E6C08000036737 /* Product.swift */,
				63833C6422FA7378007F74D6 /* Direction.swift */,
				63ACFC4622FD2C12009A9091 /* Offer.swift */,
				63153CAF22FFB2BE0089DFE8 /* Charge.swift */,
				63013D5F230090400021D220 /* Transaction.swift */,
			);
			path = Models;
			sourceTree = "<group>";
		};
		63F508A122E3F34A00A7FDA8 /* Network */ = {
			isa = PBXGroup;
			children = (
				63F508A222E3F56900A7FDA8 /* APIClient.swift */,
				63F508A322E3F56900A7FDA8 /* Client.swift */,
				63F508A422E3F56900A7FDA8 /* HTTPResponse.swift */,
				63F508A522E3F56900A7FDA8 /* JSONResponse.swift */,
				63F508AA22E3F68800A7FDA8 /* Status.swift */,
			);
			path = Network;
			sourceTree = "<group>";
		};
		63F508B022E412C200A7FDA8 /* UIUtils */ = {
			isa = PBXGroup;
			children = (
				63F5089322E3985700A7FDA8 /* UIColor.swift */,
				63F5089522E39A9200A7FDA8 /* UIView+setUpUI.swift */,
				63F5089B22E3A50A00A7FDA8 /* PaddingLabel.swift */,
				63F5089F22E3EC5F00A7FDA8 /* UIImage+Url+Cache.swift */,
				63472A0D22F7EA76009D91F8 /* UIView+Borders.swift */,
				630838E522FBDE0C00E843E9 /* UIView+shake.swift */,
				63153CA922FF51DA0089DFE8 /* iOSDropDown.swift */,
				63153CB322FFCBF90089DFE8 /* UIDevice.swift */,
				63013D5B230088B90021D220 /* AESCrypto.swift */,
			);
			path = UIUtils;
			sourceTree = "<group>";
		};
/* End PBXGroup section */

/* Begin PBXNativeTarget section */
		6342A36F22E1341D00F15639 /* shopapp */ = {
			isa = PBXNativeTarget;
			buildConfigurationList = 6342A38222E1341E00F15639 /* Build configuration list for PBXNativeTarget "shopapp" */;
			buildPhases = (
				6342A36C22E1341D00F15639 /* Sources */,
				6342A36D22E1341D00F15639 /* Frameworks */,
				6342A36E22E1341D00F15639 /* Resources */,
			);
			buildRules = (
			);
			dependencies = (
			);
			name = shopapp;
			productName = shopapp;
			productReference = 6342A37022E1341D00F15639 /* shopapp.app */;
			productType = "com.apple.product-type.application";
		};
/* End PBXNativeTarget section */

/* Begin PBXProject section */
		6342A36822E1341D00F15639 /* Project object */ = {
			isa = PBXProject;
			attributes = {
				LastSwiftUpdateCheck = 1020;
				LastUpgradeCheck = 1020;
				ORGANIZATIONNAME = David;
				TargetAttributes = {
					6342A36F22E1341D00F15639 = {
						CreatedOnToolsVersion = 10.2.1;
					};
				};
			};
			buildConfigurationList = 6342A36B22E1341D00F15639 /* Build configuration list for PBXProject "shopapp" */;
			compatibilityVersion = "Xcode 9.3";
			developmentRegion = en;
			hasScannedForEncodings = 0;
			knownRegions = (
				en,
				Base,
			);
			mainGroup = 6342A36722E1341D00F15639;
			productRefGroup = 6342A37122E1341D00F15639 /* Products */;
			projectDirPath = "";
			projectRoot = "";
			targets = (
				6342A36F22E1341D00F15639 /* shopapp */,
			);
		};
/* End PBXProject section */

/* Begin PBXResourcesBuildPhase section */
		6342A36E22E1341D00F15639 /* Resources */ = {
			isa = PBXResourcesBuildPhase;
			buildActionMask = 2147483647;
			files = (
				63F4D62422E6BFA200036737 /* ProductsCollectionViewCell.xib in Resources */,
				6342A37E22E1341E00F15639 /* LaunchScreen.storyboard in Resources */,
				63FB891322E949600088932D /* SlideProductView.xib in Resources */,
				6342A37B22E1341E00F15639 /* Assets.xcassets in Resources */,
				6342A37922E1341D00F15639 /* Main.storyboard in Resources */,
				63D03DA322F65F9B001A87A7 /* SearchViewController.xib in Resources */,
				63472A0C22F7DFF7009D91F8 /* CarTableViewCell.xib in Resources */,
				63472A0822F7C88C009D91F8 /* ResultsViewController.xib in Resources */,
				63833C6C22FA7A1F007F74D6 /* BoughtTableViewCell.xib in Resources */,
				63F4D61D22E6B3F700036737 /* SlideHomeView.xib in Resources */,
				63F5089A22E39D0100A7FDA8 /* CategoryTableViewCell.xib in Resources */,
				63013D65230094700021D220 /* PaymentProccesViewController.xib in Resources */,
				63D03DA722F66A0C001A87A7 /* ProductResultTableViewCell.xib in Resources */,
				63153CAE22FFA3A90089DFE8 /* ProductsHeaderCollectionReusableView.xib in Resources */,
				63671B9622E81B59001564A5 /* IndividualProductViewController.xib in Resources */,
			);
			runOnlyForDeploymentPostprocessing = 0;
		};
/* End PBXResourcesBuildPhase section */

/* Begin PBXSourcesBuildPhase section */
		6342A36C22E1341D00F15639 /* Sources */ = {
			isa = PBXSourcesBuildPhase;
			buildActionMask = 2147483647;
			files = (
				63D03DA222F65F9B001A87A7 /* SearchViewController.swift in Sources */,
				63153CAA22FF51DA0089DFE8 /* iOSDropDown.swift in Sources */,
				63F5088E22E389D200A7FDA8 /* CustomTabBarViewController.swift in Sources */,
				63ACFC4922FD2CFF009A9091 /* PromotionClient.swift in Sources */,
				63472A0B22F7DFF7009D91F8 /* CarTableViewCell.swift in Sources */,
				63F4D62022E6BCDE00036737 /* ProductsCollectionView.swift in Sources */,
				63013D5E23008FBB0021D220 /* ChargeClient.swift in Sources */,
				63F5089622E39A9200A7FDA8 /* UIView+setUpUI.swift in Sources */,
				63F5088C22E36FFC00A7FDA8 /* CategoryViewController.swift in Sources */,
				63013D64230094700021D220 /* PaymentProccesViewController.swift in Sources */,
				63153CAD22FFA3A90089DFE8 /* ProductsHeaderCollectionReusableView.swift in Sources */,
				63F508AB22E3F68800A7FDA8 /* Status.swift in Sources */,
				63F508A022E3EC5F00A7FDA8 /* UIImage+Url+Cache.swift in Sources */,
				63FB891722E9537C0088932D /* ShopCart.swift in Sources */,
				63ACFC4722FD2C12009A9091 /* Offer.swift in Sources */,
				63013D712300C36A0021D220 /* StorageType.swift in Sources */,
				63153CB022FFB2BE0089DFE8 /* Charge.swift in Sources */,
				630838E622FBDE0C00E843E9 /* UIView+shake.swift in Sources */,
				63FB891522E950770088932D /* Thumbnail.swift in Sources */,
				63F5089222E3929100A7FDA8 /* AccountViewController.swift in Sources */,
				63153CB222FFB4C50089DFE8 /* KeysClient.swift in Sources */,
				63013D742300C3B10021D220 /* DirectionStorage.swift in Sources */,
				63FB891122E949410088932D /* SlideProductView.swift in Sources */,
				63472A0722F7C88C009D91F8 /* ResultsViewController.swift in Sources */,
				6342A37422E1341D00F15639 /* AppDelegate.swift in Sources */,
				63F508A922E3F56900A7FDA8 /* JSONResponse.swift in Sources */,
				63013D6D2300C2C50021D220 /* CodableStorage.swift in Sources */,
				63F5089922E39D0100A7FDA8 /* CategoryTableViewCell.swift in Sources */,
				63F5088822E36B3F00A7FDA8 /* Category.swift in Sources */,
				63F508A722E3F56900A7FDA8 /* Client.swift in Sources */,
				63153CB422FFCBF90089DFE8 /* UIDevice.swift in Sources */,
				63F4D62622E6C08000036737 /* Product.swift in Sources */,
				63F508AD22E3F6D900A7FDA8 /* Config.swift in Sources */,
				63F5089422E3985700A7FDA8 /* UIColor.swift in Sources */,
				63671B9222E80DDD001564A5 /* IndividualCategoryViewController.swift in Sources */,
				63F508A622E3F56900A7FDA8 /* APIClient.swift in Sources */,
				63013D7C2300D94D0021D220 /* LauncheImgagePreload.swift in Sources */,
				63013D762300C5360021D220 /* TransactionStorage.swift in Sources */,
				63F5089022E3928100A7FDA8 /* CartViewController.swift in Sources */,
				63530A4C22F92C360068951C /* CellActionDelegate.swift in Sources */,
				63472A0E22F7EA76009D91F8 /* UIView+Borders.swift in Sources */,
				63833C6B22FA7A1F007F74D6 /* BoughtTableViewCell.swift in Sources */,
				63D03DA922F6AE29001A87A7 /* ProductClient+Search.swift in Sources */,
				632FFF3022FE8DA300393AE7 /* PayViewController.swift in Sources */,
				63F4D61922E6B39100036737 /* SlideHomeView.swift in Sources */,
				63F508AF22E404DA00A7FDA8 /* CategoryClient.swift in Sources */,
				63013D60230090400021D220 /* Transaction.swift in Sources */,
				63833C6E22FA8D1B007F74D6 /* FAQViewController.swift in Sources */,
				63F508A822E3F56900A7FDA8 /* HTTPResponse.swift in Sources */,
				63F5088A22E36E9F00A7FDA8 /* HomeViewController.swift in Sources */,
				63F4D62322E6BFA200036737 /* ProductsCollectionViewCell.swift in Sources */,
				63671B9022E7F952001564A5 /* ProductClient.swift in Sources */,
				63D03DA622F66A0C001A87A7 /* ProductResultTableViewCell.swift in Sources */,
				63833C7022FA8DF8007F74D6 /* DirectionsViewController.swift in Sources */,
				63013D7A2300CD790021D220 /* BoughtViewController.swift in Sources */,
				63833C6522FA7378007F74D6 /* Direction.swift in Sources */,
				63013D6F2300C3370021D220 /* DataContainer.swift in Sources */,
				630838E422FBD70100E843E9 /* CreateDirectionViewController.swift in Sources */,
				63F5089C22E3A50A00A7FDA8 /* PaddingLabel.swift in Sources */,
				63671B9522E81B59001564A5 /* IndividualProductViewController.swift in Sources */,
				63013D5C230088B90021D220 /* AESCrypto.swift in Sources */,
			);
			runOnlyForDeploymentPostprocessing = 0;
		};
/* End PBXSourcesBuildPhase section */

/* Begin PBXVariantGroup section */
		6342A37722E1341D00F15639 /* Main.storyboard */ = {
			isa = PBXVariantGroup;
			children = (
				6342A37822E1341D00F15639 /* Base */,
			);
			name = Main.storyboard;
			sourceTree = "<group>";
		};
		6342A37C22E1341E00F15639 /* LaunchScreen.storyboard */ = {
			isa = PBXVariantGroup;
			children = (
				6342A37D22E1341E00F15639 /* Base */,
			);
			name = LaunchScreen.storyboard;
			sourceTree = "<group>";
		};
/* End PBXVariantGroup section */

/* Begin XCBuildConfiguration section */
		6342A38022E1341E00F15639 /* Debug */ = {
			isa = XCBuildConfiguration;
			buildSettings = {
				ALWAYS_SEARCH_USER_PATHS = NO;
				CLANG_ANALYZER_NONNULL = YES;
				CLANG_ANALYZER_NUMBER_OBJECT_CONVERSION = YES_AGGRESSIVE;
				CLANG_CXX_LANGUAGE_STANDARD = "gnu++14";
				CLANG_CXX_LIBRARY = "libc++";
				CLANG_ENABLE_MODULES = YES;
				CLANG_ENABLE_OBJC_ARC = YES;
				CLANG_ENABLE_OBJC_WEAK = YES;
				CLANG_WARN_BLOCK_CAPTURE_AUTORELEASING = YES;
				CLANG_WARN_BOOL_CONVERSION = YES;
				CLANG_WARN_COMMA = YES;
				CLANG_WARN_CONSTANT_CONVERSION = YES;
				CLANG_WARN_DEPRECATED_OBJC_IMPLEMENTATIONS = YES;
				CLANG_WARN_DIRECT_OBJC_ISA_USAGE = YES_ERROR;
				CLANG_WARN_DOCUMENTATION_COMMENTS = YES;
				CLANG_WARN_EMPTY_BODY = YES;
				CLANG_WARN_ENUM_CONVERSION = YES;
				CLANG_WARN_INFINITE_RECURSION = YES;
				CLANG_WARN_INT_CONVERSION = YES;
				CLANG_WARN_NON_LITERAL_NULL_CONVERSION = YES;
				CLANG_WARN_OBJC_IMPLICIT_RETAIN_SELF = YES;
				CLANG_WARN_OBJC_LITERAL_CONVERSION = YES;
				CLANG_WARN_OBJC_ROOT_CLASS = YES_ERROR;
				CLANG_WARN_RANGE_LOOP_ANALYSIS = YES;
				CLANG_WARN_STRICT_PROTOTYPES = YES;
				CLANG_WARN_SUSPICIOUS_MOVE = YES;
				CLANG_WARN_UNGUARDED_AVAILABILITY = YES_AGGRESSIVE;
				CLANG_WARN_UNREACHABLE_CODE = YES;
				CLANG_WARN__DUPLICATE_METHOD_MATCH = YES;
				CODE_SIGN_IDENTITY = "iPhone Developer";
				COPY_PHASE_STRIP = NO;
				DEBUG_INFORMATION_FORMAT = dwarf;
				ENABLE_STRICT_OBJC_MSGSEND = YES;
				ENABLE_TESTABILITY = YES;
				GCC_C_LANGUAGE_STANDARD = gnu11;
				GCC_DYNAMIC_NO_PIC = NO;
				GCC_NO_COMMON_BLOCKS = YES;
				GCC_OPTIMIZATION_LEVEL = 0;
				GCC_PREPROCESSOR_DEFINITIONS = (
					"DEBUG=1",
					"$(inherited)",
				);
				GCC_WARN_64_TO_32_BIT_CONVERSION = YES;
				GCC_WARN_ABOUT_RETURN_TYPE = YES_ERROR;
				GCC_WARN_UNDECLARED_SELECTOR = YES;
				GCC_WARN_UNINITIALIZED_AUTOS = YES_AGGRESSIVE;
				GCC_WARN_UNUSED_FUNCTION = YES;
				GCC_WARN_UNUSED_VARIABLE = YES;
				IPHONEOS_DEPLOYMENT_TARGET = 12.2;
				MTL_ENABLE_DEBUG_INFO = INCLUDE_SOURCE;
				MTL_FAST_MATH = YES;
				ONLY_ACTIVE_ARCH = YES;
				SDKROOT = iphoneos;
				SWIFT_ACTIVE_COMPILATION_CONDITIONS = DEBUG;
				SWIFT_OPTIMIZATION_LEVEL = "-Onone";
			};
			name = Debug;
		};
		6342A38122E1341E00F15639 /* Release */ = {
			isa = XCBuildConfiguration;
			buildSettings = {
				ALWAYS_SEARCH_USER_PATHS = NO;
				CLANG_ANALYZER_NONNULL = YES;
				CLANG_ANALYZER_NUMBER_OBJECT_CONVERSION = YES_AGGRESSIVE;
				CLANG_CXX_LANGUAGE_STANDARD = "gnu++14";
				CLANG_CXX_LIBRARY = "libc++";
				CLANG_ENABLE_MODULES = YES;
				CLANG_ENABLE_OBJC_ARC = YES;
				CLANG_ENABLE_OBJC_WEAK = YES;
				CLANG_WARN_BLOCK_CAPTURE_AUTORELEASING = YES;
				CLANG_WARN_BOOL_CONVERSION = YES;
				CLANG_WARN_COMMA = YES;
				CLANG_WARN_CONSTANT_CONVERSION = YES;
				CLANG_WARN_DEPRECATED_OBJC_IMPLEMENTATIONS = YES;
				CLANG_WARN_DIRECT_OBJC_ISA_USAGE = YES_ERROR;
				CLANG_WARN_DOCUMENTATION_COMMENTS = YES;
				CLANG_WARN_EMPTY_BODY = YES;
				CLANG_WARN_ENUM_CONVERSION = YES;
				CLANG_WARN_INFINITE_RECURSION = YES;
				CLANG_WARN_INT_CONVERSION = YES;
				CLANG_WARN_NON_LITERAL_NULL_CONVERSION = YES;
				CLANG_WARN_OBJC_IMPLICIT_RETAIN_SELF = YES;
				CLANG_WARN_OBJC_LITERAL_CONVERSION = YES;
				CLANG_WARN_OBJC_ROOT_CLASS = YES_ERROR;
				CLANG_WARN_RANGE_LOOP_ANALYSIS = YES;
				CLANG_WARN_STRICT_PROTOTYPES = YES;
				CLANG_WARN_SUSPICIOUS_MOVE = YES;
				CLANG_WARN_UNGUARDED_AVAILABILITY = YES_AGGRESSIVE;
				CLANG_WARN_UNREACHABLE_CODE = YES;
				CLANG_WARN__DUPLICATE_METHOD_MATCH = YES;
				CODE_SIGN_IDENTITY = "iPhone Developer";
				COPY_PHASE_STRIP = NO;
				DEBUG_INFORMATION_FORMAT = "dwarf-with-dsym";
				ENABLE_NS_ASSERTIONS = NO;
				ENABLE_STRICT_OBJC_MSGSEND = YES;
				GCC_C_LANGUAGE_STANDARD = gnu11;
				GCC_NO_COMMON_BLOCKS = YES;
				GCC_WARN_64_TO_32_BIT_CONVERSION = YES;
				GCC_WARN_ABOUT_RETURN_TYPE = YES_ERROR;
				GCC_WARN_UNDECLARED_SELECTOR = YES;
				GCC_WARN_UNINITIALIZED_AUTOS = YES_AGGRESSIVE;
				GCC_WARN_UNUSED_FUNCTION = YES;
				GCC_WARN_UNUSED_VARIABLE = YES;
				IPHONEOS_DEPLOYMENT_TARGET = 12.2;
				MTL_ENABLE_DEBUG_INFO = NO;
				MTL_FAST_MATH = YES;
				SDKROOT = iphoneos;
				SWIFT_COMPILATION_MODE = wholemodule;
				SWIFT_OPTIMIZATION_LEVEL = "-O";
				VALIDATE_PRODUCT = YES;
			};
			name = Release;
		};
		6342A38322E1341E00F15639 /* Debug */ = {
			isa = XCBuildConfiguration;
			buildSettings = {
				ASSETCATALOG_COMPILER_APPICON_NAME = AppIcon;
				CODE_SIGN_STYLE = Automatic;
				INFOPLIST_FILE = shopapp/Info.plist;
				LD_RUNPATH_SEARCH_PATHS = (
					"$(inherited)",
					"@executable_path/Frameworks",
				);
				PRODUCT_BUNDLE_IDENTIFIER = david.shopapp;
				PRODUCT_NAME = "$(TARGET_NAME)";
				SWIFT_VERSION = 4.2;
				TARGETED_DEVICE_FAMILY = "1,2";
			};
			name = Debug;
		};
		6342A38422E1341E00F15639 /* Release */ = {
			isa = XCBuildConfiguration;
			buildSettings = {
				ASSETCATALOG_COMPILER_APPICON_NAME = AppIcon;
				CODE_SIGN_STYLE = Automatic;
				INFOPLIST_FILE = shopapp/Info.plist;
				LD_RUNPATH_SEARCH_PATHS = (
					"$(inherited)",
					"@executable_path/Frameworks",
				);
				PRODUCT_BUNDLE_IDENTIFIER = david.shopapp;
				PRODUCT_NAME = "$(TARGET_NAME)";
				SWIFT_VERSION = 4.2;
				TARGETED_DEVICE_FAMILY = "1,2";
			};
			name = Release;
		};
/* End XCBuildConfiguration section */

/* Begin XCConfigurationList section */
		6342A36B22E1341D00F15639 /* Build configuration list for PBXProject "shopapp" */ = {
			isa = XCConfigurationList;
			buildConfigurations = (
				6342A38022E1341E00F15639 /* Debug */,
				6342A38122E1341E00F15639 /* Release */,
			);
			defaultConfigurationIsVisible = 0;
			defaultConfigurationName = Release;
		};
		6342A38222E1341E00F15639 /* Build configuration list for PBXNativeTarget "shopapp" */ = {
			isa = XCConfigurationList;
			buildConfigurations = (
				6342A38322E1341E00F15639 /* Debug */,
				6342A38422E1341E00F15639 /* Release */,
			);
			defaultConfigurationIsVisible = 0;
			defaultConfigurationName = Release;
		};
/* End XCConfigurationList section */
	};
	rootObject = 6342A36822E1341D00F15639 /* Project object */;
}
